// !$*UTF8*$!
{
	archiveVersion = 1;
	classes = {
	};
	objectVersion = 51;
	objects = {

/* Begin PBXBuildFile section */
		2435035C7B179D8F501F85F2 /* Pods_TopWalker.framework in Frameworks */ = {isa = PBXBuildFile; fileRef = 2A2EB7CBEFA6CACEFF4AA0A1 /* Pods_TopWalker.framework */; };
		844588422649B5B8001005F7 /* FriendCell.swift in Sources */ = {isa = PBXBuildFile; fileRef = 844588412649B5B8001005F7 /* FriendCell.swift */; };
		847DF56A26381FA30031A839 /* LoginViewController.swift in Sources */ = {isa = PBXBuildFile; fileRef = 847DF56926381FA30031A839 /* LoginViewController.swift */; };
		847DF56F263820030031A839 /* FriendlistViewController.swift in Sources */ = {isa = PBXBuildFile; fileRef = 847DF56E263820030031A839 /* FriendlistViewController.swift */; };
		848E036D2653CB3000334D16 /* AddFriendViewController.swift in Sources */ = {isa = PBXBuildFile; fileRef = 848E036C2653CB3000334D16 /* AddFriendViewController.swift */; };
		848E03752656D31500334D16 /* UserProfileViewController.swift in Sources */ = {isa = PBXBuildFile; fileRef = 848E03742656D31500334D16 /* UserProfileViewController.swift */; };
		84B7D7382638509300F441FF /* SignupViewController.swift in Sources */ = {isa = PBXBuildFile; fileRef = 84B7D7372638509300F441FF /* SignupViewController.swift */; };
		84E563782632F366009D152E /* AppDelegate.swift in Sources */ = {isa = PBXBuildFile; fileRef = 84E563772632F366009D152E /* AppDelegate.swift */; };
		84E5637A2632F366009D152E /* SceneDelegate.swift in Sources */ = {isa = PBXBuildFile; fileRef = 84E563792632F366009D152E /* SceneDelegate.swift */; };
		84E5637C2632F366009D152E /* ViewController.swift in Sources */ = {isa = PBXBuildFile; fileRef = 84E5637B2632F366009D152E /* ViewController.swift */; };
		84E5637F2632F366009D152E /* Main.storyboard in Resources */ = {isa = PBXBuildFile; fileRef = 84E5637D2632F366009D152E /* Main.storyboard */; };
		84E563812632F36A009D152E /* Assets.xcassets in Resources */ = {isa = PBXBuildFile; fileRef = 84E563802632F36A009D152E /* Assets.xcassets */; };
		84E563842632F36A009D152E /* LaunchScreen.storyboard in Resources */ = {isa = PBXBuildFile; fileRef = 84E563822632F36A009D152E /* LaunchScreen.storyboard */; };
		84E5638F2632F36A009D152E /* TopWalkerTests.swift in Sources */ = {isa = PBXBuildFile; fileRef = 84E5638E2632F36A009D152E /* TopWalkerTests.swift */; };
		84E5639A2632F36A009D152E /* TopWalkerUITests.swift in Sources */ = {isa = PBXBuildFile; fileRef = 84E563992632F36A009D152E /* TopWalkerUITests.swift */; };
		8E733840B2C1DA7B6070DFFC /* Pods_TopWalker_TopWalkerUITests.framework in Frameworks */ = {isa = PBXBuildFile; fileRef = 1EBC13B834F706623D63984E /* Pods_TopWalker_TopWalkerUITests.framework */; };
		CDFBCADCCCC0315AE8DF002E /* Pods_TopWalkerTests.framework in Frameworks */ = {isa = PBXBuildFile; fileRef = C7DEDCBE8971442F0084039A /* Pods_TopWalkerTests.framework */; };
/* End PBXBuildFile section */

/* Begin PBXContainerItemProxy section */
		84E5638B2632F36A009D152E /* PBXContainerItemProxy */ = {
			isa = PBXContainerItemProxy;
			containerPortal = 84E5636C2632F366009D152E /* Project object */;
			proxyType = 1;
			remoteGlobalIDString = 84E563732632F366009D152E;
			remoteInfo = TopWalker;
		};
		84E563962632F36A009D152E /* PBXContainerItemProxy */ = {
			isa = PBXContainerItemProxy;
			containerPortal = 84E5636C2632F366009D152E /* Project object */;
			proxyType = 1;
			remoteGlobalIDString = 84E563732632F366009D152E;
			remoteInfo = TopWalker;
		};
/* End PBXContainerItemProxy section */

/* Begin PBXFileReference section */
		1EBC13B834F706623D63984E /* Pods_TopWalker_TopWalkerUITests.framework */ = {isa = PBXFileReference; explicitFileType = wrapper.framework; includeInIndex = 0; path = Pods_TopWalker_TopWalkerUITests.framework; sourceTree = BUILT_PRODUCTS_DIR; };
		20EB2DD0ADA50B9995FF3B2A /* Pods-TopWalker.release.xcconfig */ = {isa = PBXFileReference; includeInIndex = 1; lastKnownFileType = text.xcconfig; name = "Pods-TopWalker.release.xcconfig"; path = "Target Support Files/Pods-TopWalker/Pods-TopWalker.release.xcconfig"; sourceTree = "<group>"; };
		2A2EB7CBEFA6CACEFF4AA0A1 /* Pods_TopWalker.framework */ = {isa = PBXFileReference; explicitFileType = wrapper.framework; includeInIndex = 0; path = Pods_TopWalker.framework; sourceTree = BUILT_PRODUCTS_DIR; };
		512C644A9D463E07EB7BA1D1 /* Pods-TopWalkerTests.debug.xcconfig */ = {isa = PBXFileReference; includeInIndex = 1; lastKnownFileType = text.xcconfig; name = "Pods-TopWalkerTests.debug.xcconfig"; path = "Target Support Files/Pods-TopWalkerTests/Pods-TopWalkerTests.debug.xcconfig"; sourceTree = "<group>"; };
		6F62EA9BF7217C138E9B709D /* Pods-TopWalker-TopWalkerUITests.release.xcconfig */ = {isa = PBXFileReference; includeInIndex = 1; lastKnownFileType = text.xcconfig; name = "Pods-TopWalker-TopWalkerUITests.release.xcconfig"; path = "Target Support Files/Pods-TopWalker-TopWalkerUITests/Pods-TopWalker-TopWalkerUITests.release.xcconfig"; sourceTree = "<group>"; };
		76B1BD5AD771C1F85841A982 /* Pods-TopWalker-TopWalkerUITests.debug.xcconfig */ = {isa = PBXFileReference; includeInIndex = 1; lastKnownFileType = text.xcconfig; name = "Pods-TopWalker-TopWalkerUITests.debug.xcconfig"; path = "Target Support Files/Pods-TopWalker-TopWalkerUITests/Pods-TopWalker-TopWalkerUITests.debug.xcconfig"; sourceTree = "<group>"; };
		844588412649B5B8001005F7 /* FriendCell.swift */ = {isa = PBXFileReference; lastKnownFileType = sourcecode.swift; path = FriendCell.swift; sourceTree = "<group>"; };
		847DF56926381FA30031A839 /* LoginViewController.swift */ = {isa = PBXFileReference; lastKnownFileType = sourcecode.swift; path = LoginViewController.swift; sourceTree = "<group>"; };
		847DF56E263820030031A839 /* FriendlistViewController.swift */ = {isa = PBXFileReference; lastKnownFileType = sourcecode.swift; path = FriendlistViewController.swift; sourceTree = "<group>"; };
		848E036C2653CB3000334D16 /* AddFriendViewController.swift */ = {isa = PBXFileReference; lastKnownFileType = sourcecode.swift; path = AddFriendViewController.swift; sourceTree = "<group>"; };
		848E03742656D31500334D16 /* UserProfileViewController.swift */ = {isa = PBXFileReference; lastKnownFileType = sourcecode.swift; path = UserProfileViewController.swift; sourceTree = "<group>"; };
		84B7D7372638509300F441FF /* SignupViewController.swift */ = {isa = PBXFileReference; lastKnownFileType = sourcecode.swift; path = SignupViewController.swift; sourceTree = "<group>"; };
		84E563742632F366009D152E /* TopWalker.app */ = {isa = PBXFileReference; explicitFileType = wrapper.application; includeInIndex = 0; path = TopWalker.app; sourceTree = BUILT_PRODUCTS_DIR; };
		84E563772632F366009D152E /* AppDelegate.swift */ = {isa = PBXFileReference; lastKnownFileType = sourcecode.swift; path = AppDelegate.swift; sourceTree = "<group>"; };
		84E563792632F366009D152E /* SceneDelegate.swift */ = {isa = PBXFileReference; lastKnownFileType = sourcecode.swift; path = SceneDelegate.swift; sourceTree = "<group>"; };
		84E5637B2632F366009D152E /* ViewController.swift */ = {isa = PBXFileReference; lastKnownFileType = sourcecode.swift; path = ViewController.swift; sourceTree = "<group>"; };
		84E5637E2632F366009D152E /* Base */ = {isa = PBXFileReference; lastKnownFileType = file.storyboard; name = Base; path = Base.lproj/Main.storyboard; sourceTree = "<group>"; };
		84E563802632F36A009D152E /* Assets.xcassets */ = {isa = PBXFileReference; lastKnownFileType = folder.assetcatalog; path = Assets.xcassets; sourceTree = "<group>"; };
		84E563832632F36A009D152E /* Base */ = {isa = PBXFileReference; lastKnownFileType = file.storyboard; name = Base; path = Base.lproj/LaunchScreen.storyboard; sourceTree = "<group>"; };
		84E563852632F36A009D152E /* Info.plist */ = {isa = PBXFileReference; lastKnownFileType = text.plist.xml; path = Info.plist; sourceTree = "<group>"; };
		84E5638A2632F36A009D152E /* TopWalkerTests.xctest */ = {isa = PBXFileReference; explicitFileType = wrapper.cfbundle; includeInIndex = 0; path = TopWalkerTests.xctest; sourceTree = BUILT_PRODUCTS_DIR; };
		84E5638E2632F36A009D152E /* TopWalkerTests.swift */ = {isa = PBXFileReference; lastKnownFileType = sourcecode.swift; path = TopWalkerTests.swift; sourceTree = "<group>"; };
		84E563902632F36A009D152E /* Info.plist */ = {isa = PBXFileReference; lastKnownFileType = text.plist.xml; path = Info.plist; sourceTree = "<group>"; };
		84E563952632F36A009D152E /* TopWalkerUITests.xctest */ = {isa = PBXFileReference; explicitFileType = wrapper.cfbundle; includeInIndex = 0; path = TopWalkerUITests.xctest; sourceTree = BUILT_PRODUCTS_DIR; };
		84E563992632F36A009D152E /* TopWalkerUITests.swift */ = {isa = PBXFileReference; lastKnownFileType = sourcecode.swift; path = TopWalkerUITests.swift; sourceTree = "<group>"; };
		84E5639B2632F36A009D152E /* Info.plist */ = {isa = PBXFileReference; lastKnownFileType = text.plist.xml; path = Info.plist; sourceTree = "<group>"; };
		BD3437A587CDA46C062548AD /* Pods-TopWalkerTests.release.xcconfig */ = {isa = PBXFileReference; includeInIndex = 1; lastKnownFileType = text.xcconfig; name = "Pods-TopWalkerTests.release.xcconfig"; path = "Target Support Files/Pods-TopWalkerTests/Pods-TopWalkerTests.release.xcconfig"; sourceTree = "<group>"; };
		C7DEDCBE8971442F0084039A /* Pods_TopWalkerTests.framework */ = {isa = PBXFileReference; explicitFileType = wrapper.framework; includeInIndex = 0; path = Pods_TopWalkerTests.framework; sourceTree = BUILT_PRODUCTS_DIR; };
		E7DD9740F8D118ED14FB82EA /* Pods-TopWalker.debug.xcconfig */ = {isa = PBXFileReference; includeInIndex = 1; lastKnownFileType = text.xcconfig; name = "Pods-TopWalker.debug.xcconfig"; path = "Target Support Files/Pods-TopWalker/Pods-TopWalker.debug.xcconfig"; sourceTree = "<group>"; };
/* End PBXFileReference section */

/* Begin PBXFrameworksBuildPhase section */
		84E563712632F366009D152E /* Frameworks */ = {
			isa = PBXFrameworksBuildPhase;
			buildActionMask = 2147483647;
			files = (
				2435035C7B179D8F501F85F2 /* Pods_TopWalker.framework in Frameworks */,
			);
			runOnlyForDeploymentPostprocessing = 0;
		};
		84E563872632F36A009D152E /* Frameworks */ = {
			isa = PBXFrameworksBuildPhase;
			buildActionMask = 2147483647;
			files = (
				CDFBCADCCCC0315AE8DF002E /* Pods_TopWalkerTests.framework in Frameworks */,
			);
			runOnlyForDeploymentPostprocessing = 0;
		};
		84E563922632F36A009D152E /* Frameworks */ = {
			isa = PBXFrameworksBuildPhase;
			buildActionMask = 2147483647;
			files = (
				8E733840B2C1DA7B6070DFFC /* Pods_TopWalker_TopWalkerUITests.framework in Frameworks */,
			);
			runOnlyForDeploymentPostprocessing = 0;
		};
/* End PBXFrameworksBuildPhase section */

/* Begin PBXGroup section */
		0E1D5E36E25CDBB4473C70C4 /* Pods */ = {
			isa = PBXGroup;
			children = (
				E7DD9740F8D118ED14FB82EA /* Pods-TopWalker.debug.xcconfig */,
				20EB2DD0ADA50B9995FF3B2A /* Pods-TopWalker.release.xcconfig */,
				76B1BD5AD771C1F85841A982 /* Pods-TopWalker-TopWalkerUITests.debug.xcconfig */,
				6F62EA9BF7217C138E9B709D /* Pods-TopWalker-TopWalkerUITests.release.xcconfig */,
				512C644A9D463E07EB7BA1D1 /* Pods-TopWalkerTests.debug.xcconfig */,
				BD3437A587CDA46C062548AD /* Pods-TopWalkerTests.release.xcconfig */,
			);
			path = Pods;
			sourceTree = "<group>";
		};
		84E5636B2632F366009D152E = {
			isa = PBXGroup;
			children = (
				84E563762632F366009D152E /* TopWalker */,
				84E5638D2632F36A009D152E /* TopWalkerTests */,
				84E563982632F36A009D152E /* TopWalkerUITests */,
				84E563752632F366009D152E /* Products */,
				0E1D5E36E25CDBB4473C70C4 /* Pods */,
				A13CF25E9C2F96EFE24793A1 /* Frameworks */,
			);
			sourceTree = "<group>";
		};
		84E563752632F366009D152E /* Products */ = {
			isa = PBXGroup;
			children = (
				84E563742632F366009D152E /* TopWalker.app */,
				84E5638A2632F36A009D152E /* TopWalkerTests.xctest */,
				84E563952632F36A009D152E /* TopWalkerUITests.xctest */,
			);
			name = Products;
			sourceTree = "<group>";
		};
		84E563762632F366009D152E /* TopWalker */ = {
			isa = PBXGroup;
			children = (
				84E563772632F366009D152E /* AppDelegate.swift */,
				84E563792632F366009D152E /* SceneDelegate.swift */,
				84E5637B2632F366009D152E /* ViewController.swift */,
				84E5637D2632F366009D152E /* Main.storyboard */,
				84E563802632F36A009D152E /* Assets.xcassets */,
				84E563822632F36A009D152E /* LaunchScreen.storyboard */,
				84E563852632F36A009D152E /* Info.plist */,
				847DF56926381FA30031A839 /* LoginViewController.swift */,
				847DF56E263820030031A839 /* FriendlistViewController.swift */,
				84B7D7372638509300F441FF /* SignupViewController.swift */,
				844588412649B5B8001005F7 /* FriendCell.swift */,
				848E036C2653CB3000334D16 /* AddFriendViewController.swift */,
				848E03742656D31500334D16 /* UserProfileViewController.swift */,
			);
			path = TopWalker;
			sourceTree = "<group>";
		};
		84E5638D2632F36A009D152E /* TopWalkerTests */ = {
			isa = PBXGroup;
			children = (
				84E5638E2632F36A009D152E /* TopWalkerTests.swift */,
				84E563902632F36A009D152E /* Info.plist */,
			);
			path = TopWalkerTests;
			sourceTree = "<group>";
		};
		84E563982632F36A009D152E /* TopWalkerUITests */ = {
			isa = PBXGroup;
			children = (
				84E563992632F36A009D152E /* TopWalkerUITests.swift */,
				84E5639B2632F36A009D152E /* Info.plist */,
			);
			path = TopWalkerUITests;
			sourceTree = "<group>";
		};
		A13CF25E9C2F96EFE24793A1 /* Frameworks */ = {
			isa = PBXGroup;
			children = (
				2A2EB7CBEFA6CACEFF4AA0A1 /* Pods_TopWalker.framework */,
				1EBC13B834F706623D63984E /* Pods_TopWalker_TopWalkerUITests.framework */,
				C7DEDCBE8971442F0084039A /* Pods_TopWalkerTests.framework */,
			);
			name = Frameworks;
			sourceTree = "<group>";
		};
/* End PBXGroup section */

/* Begin PBXNativeTarget section */
		84E563732632F366009D152E /* TopWalker */ = {
			isa = PBXNativeTarget;
			buildConfigurationList = 84E5639E2632F36A009D152E /* Build configuration list for PBXNativeTarget "TopWalker" */;
			buildPhases = (
				C21E64B6812EEEDD9F2BC2D5 /* [CP] Check Pods Manifest.lock */,
				84E563702632F366009D152E /* Sources */,
				84E563712632F366009D152E /* Frameworks */,
				84E563722632F366009D152E /* Resources */,
				12501DACEE48C741B4E55E0A /* [CP] Embed Pods Frameworks */,
			);
			buildRules = (
			);
			dependencies = (
			);
			name = TopWalker;
			productName = TopWalker;
			productReference = 84E563742632F366009D152E /* TopWalker.app */;
			productType = "com.apple.product-type.application";
		};
		84E563892632F36A009D152E /* TopWalkerTests */ = {
			isa = PBXNativeTarget;
			buildConfigurationList = 84E563A12632F36A009D152E /* Build configuration list for PBXNativeTarget "TopWalkerTests" */;
			buildPhases = (
				C4FE431FAE4FD259DA8D0BC5 /* [CP] Check Pods Manifest.lock */,
				84E563862632F36A009D152E /* Sources */,
				84E563872632F36A009D152E /* Frameworks */,
				84E563882632F36A009D152E /* Resources */,
			);
			buildRules = (
			);
			dependencies = (
				84E5638C2632F36A009D152E /* PBXTargetDependency */,
			);
			name = TopWalkerTests;
			productName = TopWalkerTests;
			productReference = 84E5638A2632F36A009D152E /* TopWalkerTests.xctest */;
			productType = "com.apple.product-type.bundle.unit-test";
		};
		84E563942632F36A009D152E /* TopWalkerUITests */ = {
			isa = PBXNativeTarget;
			buildConfigurationList = 84E563A42632F36A009D152E /* Build configuration list for PBXNativeTarget "TopWalkerUITests" */;
			buildPhases = (
				54F9FE7D517E68A8574D066C /* [CP] Check Pods Manifest.lock */,
				84E563912632F36A009D152E /* Sources */,
				84E563922632F36A009D152E /* Frameworks */,
				84E563932632F36A009D152E /* Resources */,
				6FB885AE174B7019EA932FE4 /* [CP] Embed Pods Frameworks */,
			);
			buildRules = (
			);
			dependencies = (
				84E563972632F36A009D152E /* PBXTargetDependency */,
			);
			name = TopWalkerUITests;
			productName = TopWalkerUITests;
			productReference = 84E563952632F36A009D152E /* TopWalkerUITests.xctest */;
			productType = "com.apple.product-type.bundle.ui-testing";
		};
/* End PBXNativeTarget section */

/* Begin PBXProject section */
		84E5636C2632F366009D152E /* Project object */ = {
			isa = PBXProject;
			attributes = {
				LastSwiftUpdateCheck = 1230;
				LastUpgradeCheck = 1230;
				TargetAttributes = {
					84E563732632F366009D152E = {
						CreatedOnToolsVersion = 12.3;
					};
					84E563892632F36A009D152E = {
						CreatedOnToolsVersion = 12.3;
						TestTargetID = 84E563732632F366009D152E;
					};
					84E563942632F36A009D152E = {
						CreatedOnToolsVersion = 12.3;
						TestTargetID = 84E563732632F366009D152E;
					};
				};
			};
			buildConfigurationList = 84E5636F2632F366009D152E /* Build configuration list for PBXProject "TopWalker" */;
			compatibilityVersion = "Xcode 9.3";
			developmentRegion = en;
			hasScannedForEncodings = 0;
			knownRegions = (
				en,
				Base,
			);
			mainGroup = 84E5636B2632F366009D152E;
			productRefGroup = 84E563752632F366009D152E /* Products */;
			projectDirPath = "";
			projectRoot = "";
			targets = (
				84E563732632F366009D152E /* TopWalker */,
				84E563892632F36A009D152E /* TopWalkerTests */,
				84E563942632F36A009D152E /* TopWalkerUITests */,
			);
		};
/* End PBXProject section */

/* Begin PBXResourcesBuildPhase section */
		84E563722632F366009D152E /* Resources */ = {
			isa = PBXResourcesBuildPhase;
			buildActionMask = 2147483647;
			files = (
				84E563842632F36A009D152E /* LaunchScreen.storyboard in Resources */,
				84E563812632F36A009D152E /* Assets.xcassets in Resources */,
				84E5637F2632F366009D152E /* Main.storyboard in Resources */,
			);
			runOnlyForDeploymentPostprocessing = 0;
		};
		84E563882632F36A009D152E /* Resources */ = {
			isa = PBXResourcesBuildPhase;
			buildActionMask = 2147483647;
			files = (
			);
			runOnlyForDeploymentPostprocessing = 0;
		};
		84E563932632F36A009D152E /* Resources */ = {
			isa = PBXResourcesBuildPhase;
			buildActionMask = 2147483647;
			files = (
			);
			runOnlyForDeploymentPostprocessing = 0;
		};
/* End PBXResourcesBuildPhase section */

/* Begin PBXShellScriptBuildPhase section */
		12501DACEE48C741B4E55E0A /* [CP] Embed Pods Frameworks */ = {
			isa = PBXShellScriptBuildPhase;
			buildActionMask = 2147483647;
			files = (
			);
			inputFileListPaths = (
				"${PODS_ROOT}/Target Support Files/Pods-TopWalker/Pods-TopWalker-frameworks-${CONFIGURATION}-input-files.xcfilelist",
			);
			name = "[CP] Embed Pods Frameworks";
			outputFileListPaths = (
				"${PODS_ROOT}/Target Support Files/Pods-TopWalker/Pods-TopWalker-frameworks-${CONFIGURATION}-output-files.xcfilelist",
			);
			runOnlyForDeploymentPostprocessing = 0;
			shellPath = /bin/sh;
			shellScript = "\"${PODS_ROOT}/Target Support Files/Pods-TopWalker/Pods-TopWalker-frameworks.sh\"\n";
			showEnvVarsInLog = 0;
		};
		54F9FE7D517E68A8574D066C /* [CP] Check Pods Manifest.lock */ = {
			isa = PBXShellScriptBuildPhase;
			buildActionMask = 2147483647;
			files = (
			);
			inputFileListPaths = (
			);
			inputPaths = (
				"${PODS_PODFILE_DIR_PATH}/Podfile.lock",
				"${PODS_ROOT}/Manifest.lock",
			);
			name = "[CP] Check Pods Manifest.lock";
			outputFileListPaths = (
			);
			outputPaths = (
				"$(DERIVED_FILE_DIR)/Pods-TopWalker-TopWalkerUITests-checkManifestLockResult.txt",
			);
			runOnlyForDeploymentPostprocessing = 0;
			shellPath = /bin/sh;
			shellScript = "diff \"${PODS_PODFILE_DIR_PATH}/Podfile.lock\" \"${PODS_ROOT}/Manifest.lock\" > /dev/null\nif [ $? != 0 ] ; then\n    # print error to STDERR\n    echo \"error: The sandbox is not in sync with the Podfile.lock. Run 'pod install' or update your CocoaPods installation.\" >&2\n    exit 1\nfi\n# This output is used by Xcode 'outputs' to avoid re-running this script phase.\necho \"SUCCESS\" > \"${SCRIPT_OUTPUT_FILE_0}\"\n";
			showEnvVarsInLog = 0;
		};
		6FB885AE174B7019EA932FE4 /* [CP] Embed Pods Frameworks */ = {
			isa = PBXShellScriptBuildPhase;
			buildActionMask = 2147483647;
			files = (
			);
			inputFileListPaths = (
				"${PODS_ROOT}/Target Support Files/Pods-TopWalker-TopWalkerUITests/Pods-TopWalker-TopWalkerUITests-frameworks-${CONFIGURATION}-input-files.xcfilelist",
			);
			name = "[CP] Embed Pods Frameworks";
			outputFileListPaths = (
				"${PODS_ROOT}/Target Support Files/Pods-TopWalker-TopWalkerUITests/Pods-TopWalker-TopWalkerUITests-frameworks-${CONFIGURATION}-output-files.xcfilelist",
			);
			runOnlyForDeploymentPostprocessing = 0;
			shellPath = /bin/sh;
			shellScript = "\"${PODS_ROOT}/Target Support Files/Pods-TopWalker-TopWalkerUITests/Pods-TopWalker-TopWalkerUITests-frameworks.sh\"\n";
			showEnvVarsInLog = 0;
		};
		C21E64B6812EEEDD9F2BC2D5 /* [CP] Check Pods Manifest.lock */ = {
			isa = PBXShellScriptBuildPhase;
			buildActionMask = 2147483647;
			files = (
			);
			inputFileListPaths = (
			);
			inputPaths = (
				"${PODS_PODFILE_DIR_PATH}/Podfile.lock",
				"${PODS_ROOT}/Manifest.lock",
			);
			name = "[CP] Check Pods Manifest.lock";
			outputFileListPaths = (
			);
			outputPaths = (
				"$(DERIVED_FILE_DIR)/Pods-TopWalker-checkManifestLockResult.txt",
			);
			runOnlyForDeploymentPostprocessing = 0;
			shellPath = /bin/sh;
			shellScript = "diff \"${PODS_PODFILE_DIR_PATH}/Podfile.lock\" \"${PODS_ROOT}/Manifest.lock\" > /dev/null\nif [ $? != 0 ] ; then\n    # print error to STDERR\n    echo \"error: The sandbox is not in sync with the Podfile.lock. Run 'pod install' or update your CocoaPods installation.\" >&2\n    exit 1\nfi\n# This output is used by Xcode 'outputs' to avoid re-running this script phase.\necho \"SUCCESS\" > \"${SCRIPT_OUTPUT_FILE_0}\"\n";
			showEnvVarsInLog = 0;
		};
		C4FE431FAE4FD259DA8D0BC5 /* [CP] Check Pods Manifest.lock */ = {
			isa = PBXShellScriptBuildPhase;
			buildActionMask = 2147483647;
			files = (
			);
			inputFileListPaths = (
			);
			inputPaths = (
				"${PODS_PODFILE_DIR_PATH}/Podfile.lock",
				"${PODS_ROOT}/Manifest.lock",
			);
			name = "[CP] Check Pods Manifest.lock";
			outputFileListPaths = (
			);
			outputPaths = (
				"$(DERIVED_FILE_DIR)/Pods-TopWalkerTests-checkManifestLockResult.txt",
			);
			runOnlyForDeploymentPostprocessing = 0;
			shellPath = /bin/sh;
			shellScript = "diff \"${PODS_PODFILE_DIR_PATH}/Podfile.lock\" \"${PODS_ROOT}/Manifest.lock\" > /dev/null\nif [ $? != 0 ] ; then\n    # print error to STDERR\n    echo \"error: The sandbox is not in sync with the Podfile.lock. Run 'pod install' or update your CocoaPods installation.\" >&2\n    exit 1\nfi\n# This output is used by Xcode 'outputs' to avoid re-running this script phase.\necho \"SUCCESS\" > \"${SCRIPT_OUTPUT_FILE_0}\"\n";
			showEnvVarsInLog = 0;
		};
/* End PBXShellScriptBuildPhase section */

/* Begin PBXSourcesBuildPhase section */
		84E563702632F366009D152E /* Sources */ = {
			isa = PBXSourcesBuildPhase;
			buildActionMask = 2147483647;
			files = (
				848E036D2653CB3000334D16 /* AddFriendViewController.swift in Sources */,
				844588422649B5B8001005F7 /* FriendCell.swift in Sources */,
				84B7D7382638509300F441FF /* SignupViewController.swift in Sources */,
				847DF56A26381FA30031A839 /* LoginViewController.swift in Sources */,
				84E5637C2632F366009D152E /* ViewController.swift in Sources */,
				84E563782632F366009D152E /* AppDelegate.swift in Sources */,
				847DF56F263820030031A839 /* FriendlistViewController.swift in Sources */,
				848E03752656D31500334D16 /* UserProfileViewController.swift in Sources */,
				84E5637A2632F366009D152E /* SceneDelegate.swift in Sources */,
			);
			runOnlyForDeploymentPostprocessing = 0;
		};
		84E563862632F36A009D152E /* Sources */ = {
			isa = PBXSourcesBuildPhase;
			buildActionMask = 2147483647;
			files = (
				84E5638F2632F36A009D152E /* TopWalkerTests.swift in Sources */,
			);
			runOnlyForDeploymentPostprocessing = 0;
		};
		84E563912632F36A009D152E /* Sources */ = {
			isa = PBXSourcesBuildPhase;
			buildActionMask = 2147483647;
			files = (
				84E5639A2632F36A009D152E /* TopWalkerUITests.swift in Sources */,
			);
			runOnlyForDeploymentPostprocessing = 0;
		};
/* End PBXSourcesBuildPhase section */

/* Begin PBXTargetDependency section */
		84E5638C2632F36A009D152E /* PBXTargetDependency */ = {
			isa = PBXTargetDependency;
			target = 84E563732632F366009D152E /* TopWalker */;
			targetProxy = 84E5638B2632F36A009D152E /* PBXContainerItemProxy */;
		};
		84E563972632F36A009D152E /* PBXTargetDependency */ = {
			isa = PBXTargetDependency;
			target = 84E563732632F366009D152E /* TopWalker */;
			targetProxy = 84E563962632F36A009D152E /* PBXContainerItemProxy */;
		};
/* End PBXTargetDependency section */

/* Begin PBXVariantGroup section */
		84E5637D2632F366009D152E /* Main.storyboard */ = {
			isa = PBXVariantGroup;
			children = (
				84E5637E2632F366009D152E /* Base */,
			);
			name = Main.storyboard;
			sourceTree = "<group>";
		};
		84E563822632F36A009D152E /* LaunchScreen.storyboard */ = {
			isa = PBXVariantGroup;
			children = (
				84E563832632F36A009D152E /* Base */,
			);
			name = LaunchScreen.storyboard;
			sourceTree = "<group>";
		};
/* End PBXVariantGroup section */

/* Begin XCBuildConfiguration section */
		84E5639C2632F36A009D152E /* Debug */ = {
			isa = XCBuildConfiguration;
			buildSettings = {
				ALWAYS_SEARCH_USER_PATHS = NO;
				CLANG_ANALYZER_NONNULL = YES;
				CLANG_ANALYZER_NUMBER_OBJECT_CONVERSION = YES_AGGRESSIVE;
				CLANG_CXX_LANGUAGE_STANDARD = "gnu++14";
				CLANG_CXX_LIBRARY = "libc++";
				CLANG_ENABLE_MODULES = YES;
				CLANG_ENABLE_OBJC_ARC = YES;
				CLANG_ENABLE_OBJC_WEAK = YES;
				CLANG_WARN_BLOCK_CAPTURE_AUTORELEASING = YES;
				CLANG_WARN_BOOL_CONVERSION = YES;
				CLANG_WARN_COMMA = YES;
				CLANG_WARN_CONSTANT_CONVERSION = YES;
				CLANG_WARN_DEPRECATED_OBJC_IMPLEMENTATIONS = YES;
				CLANG_WARN_DIRECT_OBJC_ISA_USAGE = YES_ERROR;
				CLANG_WARN_DOCUMENTATION_COMMENTS = YES;
				CLANG_WARN_EMPTY_BODY = YES;
				CLANG_WARN_ENUM_CONVERSION = YES;
				CLANG_WARN_INFINITE_RECURSION = YES;
				CLANG_WARN_INT_CONVERSION = YES;
				CLANG_WARN_NON_LITERAL_NULL_CONVERSION = YES;
				CLANG_WARN_OBJC_IMPLICIT_RETAIN_SELF = YES;
				CLANG_WARN_OBJC_LITERAL_CONVERSION = YES;
				CLANG_WARN_OBJC_ROOT_CLASS = YES_ERROR;
				CLANG_WARN_QUOTED_INCLUDE_IN_FRAMEWORK_HEADER = YES;
				CLANG_WARN_RANGE_LOOP_ANALYSIS = YES;
				CLANG_WARN_STRICT_PROTOTYPES = YES;
				CLANG_WARN_SUSPICIOUS_MOVE = YES;
				CLANG_WARN_UNGUARDED_AVAILABILITY = YES_AGGRESSIVE;
				CLANG_WARN_UNREACHABLE_CODE = YES;
				CLANG_WARN__DUPLICATE_METHOD_MATCH = YES;
				COPY_PHASE_STRIP = NO;
				DEBUG_INFORMATION_FORMAT = dwarf;
				ENABLE_STRICT_OBJC_MSGSEND = YES;
				ENABLE_TESTABILITY = YES;
				GCC_C_LANGUAGE_STANDARD = gnu11;
				GCC_DYNAMIC_NO_PIC = NO;
				GCC_NO_COMMON_BLOCKS = YES;
				GCC_OPTIMIZATION_LEVEL = 0;
				GCC_PREPROCESSOR_DEFINITIONS = (
					"DEBUG=1",
					"$(inherited)",
				);
				GCC_WARN_64_TO_32_BIT_CONVERSION = YES;
				GCC_WARN_ABOUT_RETURN_TYPE = YES_ERROR;
				GCC_WARN_UNDECLARED_SELECTOR = YES;
				GCC_WARN_UNINITIALIZED_AUTOS = YES_AGGRESSIVE;
				GCC_WARN_UNUSED_FUNCTION = YES;
				GCC_WARN_UNUSED_VARIABLE = YES;
				IPHONEOS_DEPLOYMENT_TARGET = 14.3;
				MTL_ENABLE_DEBUG_INFO = INCLUDE_SOURCE;
				MTL_FAST_MATH = YES;
				ONLY_ACTIVE_ARCH = YES;
				SDKROOT = iphoneos;
				SWIFT_ACTIVE_COMPILATION_CONDITIONS = DEBUG;
				SWIFT_OPTIMIZATION_LEVEL = "-Onone";
			};
			name = Debug;
		};
		84E5639D2632F36A009D152E /* Release */ = {
			isa = XCBuildConfiguration;
			buildSettings = {
				ALWAYS_SEARCH_USER_PATHS = NO;
				CLANG_ANALYZER_NONNULL = YES;
				CLANG_ANALYZER_NUMBER_OBJECT_CONVERSION = YES_AGGRESSIVE;
				CLANG_CXX_LANGUAGE_STANDARD = "gnu++14";
				CLANG_CXX_LIBRARY = "libc++";
				CLANG_ENABLE_MODULES = YES;
				CLANG_ENABLE_OBJC_ARC = YES;
				CLANG_ENABLE_OBJC_WEAK = YES;
				CLANG_WARN_BLOCK_CAPTURE_AUTORELEASING = YES;
				CLANG_WARN_BOOL_CONVERSION = YES;
				CLANG_WARN_COMMA = YES;
				CLANG_WARN_CONSTANT_CONVERSION = YES;
				CLANG_WARN_DEPRECATED_OBJC_IMPLEMENTATIONS = YES;
				CLANG_WARN_DIRECT_OBJC_ISA_USAGE = YES_ERROR;
				CLANG_WARN_DOCUMENTATION_COMMENTS = YES;
				CLANG_WARN_EMPTY_BODY = YES;
				CLANG_WARN_ENUM_CONVERSION = YES;
				CLANG_WARN_INFINITE_RECURSION = YES;
				CLANG_WARN_INT_CONVERSION = YES;
				CLANG_WARN_NON_LITERAL_NULL_CONVERSION = YES;
				CLANG_WARN_OBJC_IMPLICIT_RETAIN_SELF = YES;
				CLANG_WARN_OBJC_LITERAL_CONVERSION = YES;
				CLANG_WARN_OBJC_ROOT_CLASS = YES_ERROR;
				CLANG_WARN_QUOTED_INCLUDE_IN_FRAMEWORK_HEADER = YES;
				CLANG_WARN_RANGE_LOOP_ANALYSIS = YES;
				CLANG_WARN_STRICT_PROTOTYPES = YES;
				CLANG_WARN_SUSPICIOUS_MOVE = YES;
				CLANG_WARN_UNGUARDED_AVAILABILITY = YES_AGGRESSIVE;
				CLANG_WARN_UNREACHABLE_CODE = YES;
				CLANG_WARN__DUPLICATE_METHOD_MATCH = YES;
				COPY_PHASE_STRIP = NO;
				DEBUG_INFORMATION_FORMAT = "dwarf-with-dsym";
				ENABLE_NS_ASSERTIONS = NO;
				ENABLE_STRICT_OBJC_MSGSEND = YES;
				GCC_C_LANGUAGE_STANDARD = gnu11;
				GCC_NO_COMMON_BLOCKS = YES;
				GCC_WARN_64_TO_32_BIT_CONVERSION = YES;
				GCC_WARN_ABOUT_RETURN_TYPE = YES_ERROR;
				GCC_WARN_UNDECLARED_SELECTOR = YES;
				GCC_WARN_UNINITIALIZED_AUTOS = YES_AGGRESSIVE;
				GCC_WARN_UNUSED_FUNCTION = YES;
				GCC_WARN_UNUSED_VARIABLE = YES;
				IPHONEOS_DEPLOYMENT_TARGET = 14.3;
				MTL_ENABLE_DEBUG_INFO = NO;
				MTL_FAST_MATH = YES;
				SDKROOT = iphoneos;
				SWIFT_COMPILATION_MODE = wholemodule;
				SWIFT_OPTIMIZATION_LEVEL = "-O";
				VALIDATE_PRODUCT = YES;
			};
			name = Release;
		};
		84E5639F2632F36A009D152E /* Debug */ = {
			isa = XCBuildConfiguration;
			baseConfigurationReference = E7DD9740F8D118ED14FB82EA /* Pods-TopWalker.debug.xcconfig */;
			buildSettings = {
				ASSETCATALOG_COMPILER_APPICON_NAME = AppIcon;
				ASSETCATALOG_COMPILER_GLOBAL_ACCENT_COLOR_NAME = AccentColor;
				CODE_SIGN_STYLE = Automatic;
				DEVELOPMENT_TEAM = 6M2MNNC6R9;
				INFOPLIST_FILE = TopWalker/Info.plist;
				LD_RUNPATH_SEARCH_PATHS = (
					"$(inherited)",
					"@executable_path/Frameworks",
				);
				PRODUCT_BUNDLE_IDENTIFIER = haxxter1977.TopWalker;
				PRODUCT_NAME = "$(TARGET_NAME)";
				SWIFT_VERSION = 5.0;
				TARGETED_DEVICE_FAMILY = "1,2";
			};
			name = Debug;
		};
		84E563A02632F36A009D152E /* Release */ = {
			isa = XCBuildConfiguration;
			baseConfigurationReference = 20EB2DD0ADA50B9995FF3B2A /* Pods-TopWalker.release.xcconfig */;
			buildSettings = {
				ASSETCATALOG_COMPILER_APPICON_NAME = AppIcon;
				ASSETCATALOG_COMPILER_GLOBAL_ACCENT_COLOR_NAME = AccentColor;
				CODE_SIGN_STYLE = Automatic;
				DEVELOPMENT_TEAM = 6M2MNNC6R9;
				INFOPLIST_FILE = TopWalker/Info.plist;
				LD_RUNPATH_SEARCH_PATHS = (
					"$(inherited)",
					"@executable_path/Frameworks",
				);
				PRODUCT_BUNDLE_IDENTIFIER = haxxter1977.TopWalker;
				PRODUCT_NAME = "$(TARGET_NAME)";
				SWIFT_VERSION = 5.0;
				TARGETED_DEVICE_FAMILY = "1,2";
			};
			name = Release;
		};
		84E563A22632F36A009D152E /* Debug */ = {
			isa = XCBuildConfiguration;
			baseConfigurationReference = 512C644A9D463E07EB7BA1D1 /* Pods-TopWalkerTests.debug.xcconfig */;
			buildSettings = {
				ALWAYS_EMBED_SWIFT_STANDARD_LIBRARIES = YES;
				BUNDLE_LOADER = "$(TEST_HOST)";
				CODE_SIGN_STYLE = Automatic;
				DEVELOPMENT_TEAM = 6M2MNNC6R9;
				INFOPLIST_FILE = TopWalkerTests/Info.plist;
				IPHONEOS_DEPLOYMENT_TARGET = 14.3;
				LD_RUNPATH_SEARCH_PATHS = (
					"$(inherited)",
					"@executable_path/Frameworks",
					"@loader_path/Frameworks",
				);
				PRODUCT_BUNDLE_IDENTIFIER = haxxter1977.TopWalkerTests;
				PRODUCT_NAME = "$(TARGET_NAME)";
				SWIFT_VERSION = 5.0;
				TARGETED_DEVICE_FAMILY = "1,2";
				TEST_HOST = "$(BUILT_PRODUCTS_DIR)/TopWalker.app/TopWalker";
			};
			name = Debug;
		};
		84E563A32632F36A009D152E /* Release */ = {
			isa = XCBuildConfiguration;
			baseConfigurationReference = BD3437A587CDA46C062548AD /* Pods-TopWalkerTests.release.xcconfig */;
			buildSettings = {
				ALWAYS_EMBED_SWIFT_STANDARD_LIBRARIES = YES;
				BUNDLE_LOADER = "$(TEST_HOST)";
				CODE_SIGN_STYLE = Automatic;
				DEVELOPMENT_TEAM = 6M2MNNC6R9;
				INFOPLIST_FILE = TopWalkerTests/Info.plist;
				IPHONEOS_DEPLOYMENT_TARGET = 14.3;
				LD_RUNPATH_SEARCH_PATHS = (
					"$(inherited)",
					"@executable_path/Frameworks",
					"@loader_path/Frameworks",
				);
				PRODUCT_BUNDLE_IDENTIFIER = haxxter1977.TopWalkerTests;
				PRODUCT_NAME = "$(TARGET_NAME)";
				SWIFT_VERSION = 5.0;
				TARGETED_DEVICE_FAMILY = "1,2";
				TEST_HOST = "$(BUILT_PRODUCTS_DIR)/TopWalker.app/TopWalker";
			};
			name = Release;
		};
		84E563A52632F36A009D152E /* Debug */ = {
			isa = XCBuildConfiguration;
			baseConfigurationReference = 76B1BD5AD771C1F85841A982 /* Pods-TopWalker-TopWalkerUITests.debug.xcconfig */;
			buildSettings = {
				ALWAYS_EMBED_SWIFT_STANDARD_LIBRARIES = YES;
				CODE_SIGN_STYLE = Automatic;
				DEVELOPMENT_TEAM = 6M2MNNC6R9;
				INFOPLIST_FILE = TopWalkerUITests/Info.plist;
				LD_RUNPATH_SEARCH_PATHS = (
					"$(inherited)",
					"@executable_path/Frameworks",
					"@loader_path/Frameworks",
				);
				PRODUCT_BUNDLE_IDENTIFIER = haxxter1977.TopWalkerUITests;
				PRODUCT_NAME = "$(TARGET_NAME)";
				SWIFT_VERSION = 5.0;
				TARGETED_DEVICE_FAMILY = "1,2";
				TEST_TARGET_NAME = TopWalker;
			};
			name = Debug;
		};
		84E563A62632F36A009D152E /* Release */ = {
			isa = XCBuildConfiguration;
			baseConfigurationReference = 6F62EA9BF7217C138E9B709D /* Pods-TopWalker-TopWalkerUITests.release.xcconfig */;
			buildSettings = {
				ALWAYS_EMBED_SWIFT_STANDARD_LIBRARIES = YES;
				CODE_SIGN_STYLE = Automatic;
				DEVELOPMENT_TEAM = 6M2MNNC6R9;
				INFOPLIST_FILE = TopWalkerUITests/Info.plist;
				LD_RUNPATH_SEARCH_PATHS = (
					"$(inherited)",
					"@executable_path/Frameworks",
					"@loader_path/Frameworks",
				);
				PRODUCT_BUNDLE_IDENTIFIER = haxxter1977.TopWalkerUITests;
				PRODUCT_NAME = "$(TARGET_NAME)";
				SWIFT_VERSION = 5.0;
				TARGETED_DEVICE_FAMILY = "1,2";
				TEST_TARGET_NAME = TopWalker;
			};
			name = Release;
		};
/* End XCBuildConfiguration section */

/* Begin XCConfigurationList section */
		84E5636F2632F366009D152E /* Build configuration list for PBXProject "TopWalker" */ = {
			isa = XCConfigurationList;
			buildConfigurations = (
				84E5639C2632F36A009D152E /* Debug */,
				84E5639D2632F36A009D152E /* Release */,
			);
			defaultConfigurationIsVisible = 0;
			defaultConfigurationName = Release;
		};
		84E5639E2632F36A009D152E /* Build configuration list for PBXNativeTarget "TopWalker" */ = {
			isa = XCConfigurationList;
			buildConfigurations = (
				84E5639F2632F36A009D152E /* Debug */,
				84E563A02632F36A009D152E /* Release */,
			);
			defaultConfigurationIsVisible = 0;
			defaultConfigurationName = Release;
		};
		84E563A12632F36A009D152E /* Build configuration list for PBXNativeTarget "TopWalkerTests" */ = {
			isa = XCConfigurationList;
			buildConfigurations = (
				84E563A22632F36A009D152E /* Debug */,
				84E563A32632F36A009D152E /* Release */,
			);
			defaultConfigurationIsVisible = 0;
			defaultConfigurationName = Release;
		};
		84E563A42632F36A009D152E /* Build configuration list for PBXNativeTarget "TopWalkerUITests" */ = {
			isa = XCConfigurationList;
			buildConfigurations = (
				84E563A52632F36A009D152E /* Debug */,
				84E563A62632F36A009D152E /* Release */,
			);
			defaultConfigurationIsVisible = 0;
			defaultConfigurationName = Release;
		};
/* End XCConfigurationList section */
	};
	rootObject = 84E5636C2632F366009D152E /* Project object */;
}
